
Microsoft Visual Studio Solution File, Format Version 12.00
# Visual Studio Version 16
VisualStudioVersion = 16.0.31105.61
MinimumVisualStudioVersion = 10.0.40219.1
Project("{9A19103F-16F7-4668-BE54-9A1E7A4F7556}") = "Send", "Send.csproj", "{DA0F46FA-15CB-45B6-B93D-0ED458C3FFE5}"
EndProject
Global
	GlobalSection(SolutionConfigurationPlatforms) = preSolution
		Debug|Any CPU = Debug|Any CPU
		Release|Any CPU = Release|Any CPU
	EndGlobalSection
	GlobalSection(ProjectConfigurationPlatforms) = postSolution
		{DA0F46FA-15CB-45B6-B93D-0ED458C3FFE5}.Debug|Any CPU.ActiveCfg = Debug|Any CPU
		{DA0F46FA-15CB-45B6-B93D-0ED458C3FFE5}.Debug|Any CPU.Build.0 = Debug|Any CPU
		{DA0F46FA-15CB-45B6-B93D-0ED458C3FFE5}.Release|Any CPU.ActiveCfg = Release|Any CPU
		{DA0F46FA-15CB-45B6-B93D-0ED458C3FFE5}.Release|Any CPU.Build.0 = Release|Any CPU
	EndGlobalSection
	GlobalSection(SolutionProperties) = preSolution
		HideSolutionNode = FALSE
	EndGlobalSection
	GlobalSection(ExtensibilityGlobals) = postSolution
		SolutionGuid = {130D85D5-8C71-4CFB-BCC7-A691A7DF8450}
	EndGlobalSection
EndGlobal
